// !$*UTF8*$!
{
	archiveVersion = 1;
	classes = {
	};
	objectVersion = 55;
	objects = {

/* Begin PBXBuildFile section */
		561A3DA52807C0AE0055F44C /* String.swift in Sources */ = {isa = PBXBuildFile; fileRef = 561A3DA42807C0AE0055F44C /* String.swift */; };
		561A3DA92807E6B30055F44C /* MovieDetailViewController.swift in Sources */ = {isa = PBXBuildFile; fileRef = 561A3DA82807E6B30055F44C /* MovieDetailViewController.swift */; };
		5656A988280AA6E800FDA8BB /* StarButtonDelegate.swift in Sources */ = {isa = PBXBuildFile; fileRef = 5656A987280AA6E800FDA8BB /* StarButtonDelegate.swift */; };
		5656A98B280AA80C00FDA8BB /* FavoritesViewController.swift in Sources */ = {isa = PBXBuildFile; fileRef = 5656A98A280AA80C00FDA8BB /* FavoritesViewController.swift */; };
		5656A98E280AEAE900FDA8BB /* ButtonStatus.swift in Sources */ = {isa = PBXBuildFile; fileRef = 5656A98D280AEAE900FDA8BB /* ButtonStatus.swift */; };
		56678D2428067A1200BEF015 /* AppDelegate.swift in Sources */ = {isa = PBXBuildFile; fileRef = 56678D2328067A1200BEF015 /* AppDelegate.swift */; };
		56678D2628067A1200BEF015 /* SceneDelegate.swift in Sources */ = {isa = PBXBuildFile; fileRef = 56678D2528067A1200BEF015 /* SceneDelegate.swift */; };
		56678D2828067A1200BEF015 /* HomeViewController.swift in Sources */ = {isa = PBXBuildFile; fileRef = 56678D2728067A1200BEF015 /* HomeViewController.swift */; };
		56678D2D28067A1300BEF015 /* Assets.xcassets in Resources */ = {isa = PBXBuildFile; fileRef = 56678D2C28067A1300BEF015 /* Assets.xcassets */; };
		56678D3028067A1300BEF015 /* LaunchScreen.storyboard in Resources */ = {isa = PBXBuildFile; fileRef = 56678D2E28067A1300BEF015 /* LaunchScreen.storyboard */; };
		56678D3B28067A1300BEF015 /* MovieCollectionTests.swift in Sources */ = {isa = PBXBuildFile; fileRef = 56678D3A28067A1300BEF015 /* MovieCollectionTests.swift */; };
		56678D4528067A1300BEF015 /* MovieCollectionUITests.swift in Sources */ = {isa = PBXBuildFile; fileRef = 56678D4428067A1300BEF015 /* MovieCollectionUITests.swift */; };
		56678D4728067A1300BEF015 /* MovieCollectionUITestsLaunchTests.swift in Sources */ = {isa = PBXBuildFile; fileRef = 56678D4628067A1300BEF015 /* MovieCollectionUITestsLaunchTests.swift */; };
		56678D562806839800BEF015 /* Coordinator.swift in Sources */ = {isa = PBXBuildFile; fileRef = 56678D552806839800BEF015 /* Coordinator.swift */; };
		56678D5E280694C800BEF015 /* NetworkManager.swift in Sources */ = {isa = PBXBuildFile; fileRef = 56678D5D280694C800BEF015 /* NetworkManager.swift */; };
		56678D612806957E00BEF015 /* Strings.swift in Sources */ = {isa = PBXBuildFile; fileRef = 56678D602806957E00BEF015 /* Strings.swift */; };
		56678D64280696C800BEF015 /* NetworkError.swift in Sources */ = {isa = PBXBuildFile; fileRef = 56678D63280696C800BEF015 /* NetworkError.swift */; };
		56678D672806994100BEF015 /* MovieTableViewCell.swift in Sources */ = {isa = PBXBuildFile; fileRef = 56678D662806994100BEF015 /* MovieTableViewCell.swift */; };
		56678D6C2806A8CA00BEF015 /* ReceivedMovieModel.swift in Sources */ = {isa = PBXBuildFile; fileRef = 56678D6B2806A8CA00BEF015 /* ReceivedMovieModel.swift */; };
		56678D6E2806A90800BEF015 /* Item.swift in Sources */ = {isa = PBXBuildFile; fileRef = 56678D6D2806A90800BEF015 /* Item.swift */; };
		56678D702806AD3E00BEF015 /* Observable.swift in Sources */ = {isa = PBXBuildFile; fileRef = 56678D6F2806AD3E00BEF015 /* Observable.swift */; };
		56678D722806AE0A00BEF015 /* MovieTableViewModel.swift in Sources */ = {isa = PBXBuildFile; fileRef = 56678D712806AE0A00BEF015 /* MovieTableViewModel.swift */; };
		56678D742806AF5900BEF015 /* MovieTableViewCellModel.swift in Sources */ = {isa = PBXBuildFile; fileRef = 56678D732806AF5900BEF015 /* MovieTableViewCellModel.swift */; };
		56AAE07D280D86780093BA14 /* CustomActivityIndicatorView.swift in Sources */ = {isa = PBXBuildFile; fileRef = 56AAE07C280D86780093BA14 /* CustomActivityIndicatorView.swift */; };
		56B1C2A52809645700DE7AA9 /* RealmManager.swift in Sources */ = {isa = PBXBuildFile; fileRef = 56B1C2A42809645700DE7AA9 /* RealmManager.swift */; };
		56B1C2A72809672100DE7AA9 /* Movie.swift in Sources */ = {isa = PBXBuildFile; fileRef = 56B1C2A62809672100DE7AA9 /* Movie.swift */; };
		C94B6CEE9A42FE6D0FA6885A /* Pods_MovieCollection.framework in Frameworks */ = {isa = PBXBuildFile; fileRef = 2D2DB42E72F7B7CAF2D82C0E /* Pods_MovieCollection.framework */; };
/* End PBXBuildFile section */

/* Begin PBXContainerItemProxy section */
		56678D3728067A1300BEF015 /* PBXContainerItemProxy */ = {
			isa = PBXContainerItemProxy;
			containerPortal = 56678D1828067A1200BEF015 /* Project object */;
			proxyType = 1;
			remoteGlobalIDString = 56678D1F28067A1200BEF015;
			remoteInfo = MovieCollection;
		};
		56678D4128067A1300BEF015 /* PBXContainerItemProxy */ = {
			isa = PBXContainerItemProxy;
			containerPortal = 56678D1828067A1200BEF015 /* Project object */;
			proxyType = 1;
			remoteGlobalIDString = 56678D1F28067A1200BEF015;
			remoteInfo = MovieCollection;
		};
/* End PBXContainerItemProxy section */

/* Begin PBXFileReference section */
		2D2DB42E72F7B7CAF2D82C0E /* Pods_MovieCollection.framework */ = {isa = PBXFileReference; explicitFileType = wrapper.framework; includeInIndex = 0; path = Pods_MovieCollection.framework; sourceTree = BUILT_PRODUCTS_DIR; };
		501421AD8885D57FEEB82D8F /* Pods-MovieCollection.debug.xcconfig */ = {isa = PBXFileReference; includeInIndex = 1; lastKnownFileType = text.xcconfig; name = "Pods-MovieCollection.debug.xcconfig"; path = "Target Support Files/Pods-MovieCollection/Pods-MovieCollection.debug.xcconfig"; sourceTree = "<group>"; };
		561A3DA42807C0AE0055F44C /* String.swift */ = {isa = PBXFileReference; lastKnownFileType = sourcecode.swift; path = String.swift; sourceTree = "<group>"; };
		561A3DA82807E6B30055F44C /* MovieDetailViewController.swift */ = {isa = PBXFileReference; lastKnownFileType = sourcecode.swift; path = MovieDetailViewController.swift; sourceTree = "<group>"; };
		5656A987280AA6E800FDA8BB /* StarButtonDelegate.swift */ = {isa = PBXFileReference; lastKnownFileType = sourcecode.swift; path = StarButtonDelegate.swift; sourceTree = "<group>"; };
		5656A98A280AA80C00FDA8BB /* FavoritesViewController.swift */ = {isa = PBXFileReference; lastKnownFileType = sourcecode.swift; path = FavoritesViewController.swift; sourceTree = "<group>"; };
		5656A98D280AEAE900FDA8BB /* ButtonStatus.swift */ = {isa = PBXFileReference; lastKnownFileType = sourcecode.swift; path = ButtonStatus.swift; sourceTree = "<group>"; };
		56678D2028067A1200BEF015 /* MovieCollection.app */ = {isa = PBXFileReference; explicitFileType = wrapper.application; includeInIndex = 0; path = MovieCollection.app; sourceTree = BUILT_PRODUCTS_DIR; };
		56678D2328067A1200BEF015 /* AppDelegate.swift */ = {isa = PBXFileReference; lastKnownFileType = sourcecode.swift; path = AppDelegate.swift; sourceTree = "<group>"; };
		56678D2528067A1200BEF015 /* SceneDelegate.swift */ = {isa = PBXFileReference; lastKnownFileType = sourcecode.swift; path = SceneDelegate.swift; sourceTree = "<group>"; };
		56678D2728067A1200BEF015 /* HomeViewController.swift */ = {isa = PBXFileReference; lastKnownFileType = sourcecode.swift; path = HomeViewController.swift; sourceTree = "<group>"; };
		56678D2C28067A1300BEF015 /* Assets.xcassets */ = {isa = PBXFileReference; lastKnownFileType = folder.assetcatalog; path = Assets.xcassets; sourceTree = "<group>"; };
		56678D2F28067A1300BEF015 /* Base */ = {isa = PBXFileReference; lastKnownFileType = file.storyboard; name = Base; path = Base.lproj/LaunchScreen.storyboard; sourceTree = "<group>"; };
		56678D3128067A1300BEF015 /* Info.plist */ = {isa = PBXFileReference; lastKnownFileType = text.plist.xml; path = Info.plist; sourceTree = "<group>"; };
		56678D3628067A1300BEF015 /* MovieCollectionTests.xctest */ = {isa = PBXFileReference; explicitFileType = wrapper.cfbundle; includeInIndex = 0; path = MovieCollectionTests.xctest; sourceTree = BUILT_PRODUCTS_DIR; };
		56678D3A28067A1300BEF015 /* MovieCollectionTests.swift */ = {isa = PBXFileReference; lastKnownFileType = sourcecode.swift; path = MovieCollectionTests.swift; sourceTree = "<group>"; };
		56678D4028067A1300BEF015 /* MovieCollectionUITests.xctest */ = {isa = PBXFileReference; explicitFileType = wrapper.cfbundle; includeInIndex = 0; path = MovieCollectionUITests.xctest; sourceTree = BUILT_PRODUCTS_DIR; };
		56678D4428067A1300BEF015 /* MovieCollectionUITests.swift */ = {isa = PBXFileReference; lastKnownFileType = sourcecode.swift; path = MovieCollectionUITests.swift; sourceTree = "<group>"; };
		56678D4628067A1300BEF015 /* MovieCollectionUITestsLaunchTests.swift */ = {isa = PBXFileReference; lastKnownFileType = sourcecode.swift; path = MovieCollectionUITestsLaunchTests.swift; sourceTree = "<group>"; };
		56678D552806839800BEF015 /* Coordinator.swift */ = {isa = PBXFileReference; lastKnownFileType = sourcecode.swift; path = Coordinator.swift; sourceTree = "<group>"; };
		56678D5D280694C800BEF015 /* NetworkManager.swift */ = {isa = PBXFileReference; lastKnownFileType = sourcecode.swift; path = NetworkManager.swift; sourceTree = "<group>"; };
		56678D602806957E00BEF015 /* Strings.swift */ = {isa = PBXFileReference; lastKnownFileType = sourcecode.swift; path = Strings.swift; sourceTree = "<group>"; };
		56678D63280696C800BEF015 /* NetworkError.swift */ = {isa = PBXFileReference; lastKnownFileType = sourcecode.swift; path = NetworkError.swift; sourceTree = "<group>"; };
		56678D662806994100BEF015 /* MovieTableViewCell.swift */ = {isa = PBXFileReference; lastKnownFileType = sourcecode.swift; path = MovieTableViewCell.swift; sourceTree = "<group>"; };
		56678D6B2806A8CA00BEF015 /* ReceivedMovieModel.swift */ = {isa = PBXFileReference; lastKnownFileType = sourcecode.swift; path = ReceivedMovieModel.swift; sourceTree = "<group>"; };
		56678D6D2806A90800BEF015 /* Item.swift */ = {isa = PBXFileReference; lastKnownFileType = sourcecode.swift; path = Item.swift; sourceTree = "<group>"; };
		56678D6F2806AD3E00BEF015 /* Observable.swift */ = {isa = PBXFileReference; lastKnownFileType = sourcecode.swift; path = Observable.swift; sourceTree = "<group>"; };
		56678D712806AE0A00BEF015 /* MovieTableViewModel.swift */ = {isa = PBXFileReference; lastKnownFileType = sourcecode.swift; path = MovieTableViewModel.swift; sourceTree = "<group>"; };
		56678D732806AF5900BEF015 /* MovieTableViewCellModel.swift */ = {isa = PBXFileReference; lastKnownFileType = sourcecode.swift; path = MovieTableViewCellModel.swift; sourceTree = "<group>"; };
		56AAE07C280D86780093BA14 /* CustomActivityIndicatorView.swift */ = {isa = PBXFileReference; lastKnownFileType = sourcecode.swift; path = CustomActivityIndicatorView.swift; sourceTree = "<group>"; };
		56B1C2A42809645700DE7AA9 /* RealmManager.swift */ = {isa = PBXFileReference; lastKnownFileType = sourcecode.swift; path = RealmManager.swift; sourceTree = "<group>"; };
		56B1C2A62809672100DE7AA9 /* Movie.swift */ = {isa = PBXFileReference; lastKnownFileType = sourcecode.swift; path = Movie.swift; sourceTree = "<group>"; };
		AC971A57A36E88485C01DE6B /* Pods-MovieCollection.release.xcconfig */ = {isa = PBXFileReference; includeInIndex = 1; lastKnownFileType = text.xcconfig; name = "Pods-MovieCollection.release.xcconfig"; path = "Target Support Files/Pods-MovieCollection/Pods-MovieCollection.release.xcconfig"; sourceTree = "<group>"; };
/* End PBXFileReference section */

/* Begin PBXFrameworksBuildPhase section */
		56678D1D28067A1200BEF015 /* Frameworks */ = {
			isa = PBXFrameworksBuildPhase;
			buildActionMask = 2147483647;
			files = (
				C94B6CEE9A42FE6D0FA6885A /* Pods_MovieCollection.framework in Frameworks */,
			);
			runOnlyForDeploymentPostprocessing = 0;
		};
		56678D3328067A1300BEF015 /* Frameworks */ = {
			isa = PBXFrameworksBuildPhase;
			buildActionMask = 2147483647;
			files = (
			);
			runOnlyForDeploymentPostprocessing = 0;
		};
		56678D3D28067A1300BEF015 /* Frameworks */ = {
			isa = PBXFrameworksBuildPhase;
			buildActionMask = 2147483647;
			files = (
			);
			runOnlyForDeploymentPostprocessing = 0;
		};
/* End PBXFrameworksBuildPhase section */

/* Begin PBXGroup section */
		561A3DA22807A0AC0055F44C /* Home */ = {
			isa = PBXGroup;
			children = (
				56678D592806922200BEF015 /* Model */,
				56678D5A2806922F00BEF015 /* ViewModel */,
				56678D652806992900BEF015 /* Cell */,
				56678D582806921700BEF015 /* Controller */,
			);
			path = Home;
			sourceTree = "<group>";
		};
		561A3DA32807C0760055F44C /* Extension */ = {
			isa = PBXGroup;
			children = (
				561A3DA42807C0AE0055F44C /* String.swift */,
			);
			path = Extension;
			sourceTree = "<group>";
		};
		561A3DA62807E6830055F44C /* MovieDetail */ = {
			isa = PBXGroup;
			children = (
				561A3DAA280847A80055F44C /* Controller */,
			);
			path = MovieDetail;
			sourceTree = "<group>";
		};
		561A3DAA280847A80055F44C /* Controller */ = {
			isa = PBXGroup;
			children = (
				561A3DA82807E6B30055F44C /* MovieDetailViewController.swift */,
			);
			path = Controller;
			sourceTree = "<group>";
		};
		5656A986280AA68C00FDA8BB /* Protocol */ = {
			isa = PBXGroup;
			children = (
				5656A987280AA6E800FDA8BB /* StarButtonDelegate.swift */,
			);
			path = Protocol;
			sourceTree = "<group>";
		};
		5656A989280AA77000FDA8BB /* Favorites */ = {
			isa = PBXGroup;
			children = (
				566000C8280D649200BA597A /* Controller */,
			);
			path = Favorites;
			sourceTree = "<group>";
		};
		5656A98C280AEA0C00FDA8BB /* Enum */ = {
			isa = PBXGroup;
			children = (
				5656A98D280AEAE900FDA8BB /* ButtonStatus.swift */,
			);
			path = Enum;
			sourceTree = "<group>";
		};
		566000C8280D649200BA597A /* Controller */ = {
			isa = PBXGroup;
			children = (
				5656A98A280AA80C00FDA8BB /* FavoritesViewController.swift */,
			);
			path = Controller;
			sourceTree = "<group>";
		};
		56678D1728067A1200BEF015 = {
			isa = PBXGroup;
			children = (
				56678D2228067A1200BEF015 /* MovieCollection */,
				56678D3928067A1300BEF015 /* MovieCollectionTests */,
				56678D4328067A1300BEF015 /* MovieCollectionUITests */,
				56678D2128067A1200BEF015 /* Products */,
				91662DE2F8FC08CC8BE39CCF /* Pods */,
				8961BD49BF31008DD718774C /* Frameworks */,
			);
			sourceTree = "<group>";
		};
		56678D2128067A1200BEF015 /* Products */ = {
			isa = PBXGroup;
			children = (
				56678D2028067A1200BEF015 /* MovieCollection.app */,
				56678D3628067A1300BEF015 /* MovieCollectionTests.xctest */,
				56678D4028067A1300BEF015 /* MovieCollectionUITests.xctest */,
			);
			name = Products;
			sourceTree = "<group>";
		};
		56678D2228067A1200BEF015 /* MovieCollection */ = {
			isa = PBXGroup;
			children = (
				56678D57280691FE00BEF015 /* Source */,
				56B1C2A32809643B00DE7AA9 /* DataBase */,
				56AAE07B280D86590093BA14 /* LoadingView */,
				5656A98C280AEA0C00FDA8BB /* Enum */,
				5656A986280AA68C00FDA8BB /* Protocol */,
				561A3DA32807C0760055F44C /* Extension */,
				56678D5F2806957100BEF015 /* Strings */,
				56678D5C280694A200BEF015 /* Network */,
				56678D542806838C00BEF015 /* Coordinator */,
				56678D532806818E00BEF015 /* SupportingFiles */,
			);
			path = MovieCollection;
			sourceTree = "<group>";
		};
		56678D3928067A1300BEF015 /* MovieCollectionTests */ = {
			isa = PBXGroup;
			children = (
				56678D3A28067A1300BEF015 /* MovieCollectionTests.swift */,
			);
			path = MovieCollectionTests;
			sourceTree = "<group>";
		};
		56678D4328067A1300BEF015 /* MovieCollectionUITests */ = {
			isa = PBXGroup;
			children = (
				56678D4428067A1300BEF015 /* MovieCollectionUITests.swift */,
				56678D4628067A1300BEF015 /* MovieCollectionUITestsLaunchTests.swift */,
			);
			path = MovieCollectionUITests;
			sourceTree = "<group>";
		};
		56678D532806818E00BEF015 /* SupportingFiles */ = {
			isa = PBXGroup;
			children = (
				56678D2328067A1200BEF015 /* AppDelegate.swift */,
				56678D2528067A1200BEF015 /* SceneDelegate.swift */,
				56678D2C28067A1300BEF015 /* Assets.xcassets */,
				56678D2E28067A1300BEF015 /* LaunchScreen.storyboard */,
				56678D3128067A1300BEF015 /* Info.plist */,
			);
			path = SupportingFiles;
			sourceTree = "<group>";
		};
		56678D542806838C00BEF015 /* Coordinator */ = {
			isa = PBXGroup;
			children = (
				56678D552806839800BEF015 /* Coordinator.swift */,
			);
			path = Coordinator;
			sourceTree = "<group>";
		};
		56678D57280691FE00BEF015 /* Source */ = {
			isa = PBXGroup;
			children = (
				561A3DA22807A0AC0055F44C /* Home */,
				561A3DA62807E6830055F44C /* MovieDetail */,
				5656A989280AA77000FDA8BB /* Favorites */,
			);
			path = Source;
			sourceTree = "<group>";
		};
		56678D582806921700BEF015 /* Controller */ = {
			isa = PBXGroup;
			children = (
				56678D2728067A1200BEF015 /* HomeViewController.swift */,
			);
			path = Controller;
			sourceTree = "<group>";
		};
		56678D592806922200BEF015 /* Model */ = {
			isa = PBXGroup;
			children = (
				56678D6A2806A83B00BEF015 /* Response */,
				56678D6F2806AD3E00BEF015 /* Observable.swift */,
				56678D732806AF5900BEF015 /* MovieTableViewCellModel.swift */,
			);
			path = Model;
			sourceTree = "<group>";
		};
		56678D5A2806922F00BEF015 /* ViewModel */ = {
			isa = PBXGroup;
			children = (
				56678D712806AE0A00BEF015 /* MovieTableViewModel.swift */,
			);
			path = ViewModel;
			sourceTree = "<group>";
		};
		56678D5C280694A200BEF015 /* Network */ = {
			isa = PBXGroup;
			children = (
				56678D62280696B900BEF015 /* Enum */,
				56678D5D280694C800BEF015 /* NetworkManager.swift */,
			);
			path = Network;
			sourceTree = "<group>";
		};
		56678D5F2806957100BEF015 /* Strings */ = {
			isa = PBXGroup;
			children = (
				56678D602806957E00BEF015 /* Strings.swift */,
			);
			path = Strings;
			sourceTree = "<group>";
		};
		56678D62280696B900BEF015 /* Enum */ = {
			isa = PBXGroup;
			children = (
				56678D63280696C800BEF015 /* NetworkError.swift */,
			);
			path = Enum;
			sourceTree = "<group>";
		};
		56678D652806992900BEF015 /* Cell */ = {
			isa = PBXGroup;
			children = (
				56678D662806994100BEF015 /* MovieTableViewCell.swift */,
			);
			path = Cell;
			sourceTree = "<group>";
		};
		56678D6A2806A83B00BEF015 /* Response */ = {
			isa = PBXGroup;
			children = (
				56678D6B2806A8CA00BEF015 /* ReceivedMovieModel.swift */,
				56678D6D2806A90800BEF015 /* Item.swift */,
			);
			path = Response;
			sourceTree = "<group>";
		};
		56AAE07B280D86590093BA14 /* LoadingView */ = {
			isa = PBXGroup;
			children = (
				56AAE07C280D86780093BA14 /* CustomActivityIndicatorView.swift */,
			);
			path = LoadingView;
			sourceTree = "<group>";
		};
		56B1C2A32809643B00DE7AA9 /* DataBase */ = {
			isa = PBXGroup;
			children = (
				56B1C2A62809672100DE7AA9 /* Movie.swift */,
				56B1C2A42809645700DE7AA9 /* RealmManager.swift */,
			);
			path = DataBase;
			sourceTree = "<group>";
		};
		8961BD49BF31008DD718774C /* Frameworks */ = {
			isa = PBXGroup;
			children = (
				2D2DB42E72F7B7CAF2D82C0E /* Pods_MovieCollection.framework */,
			);
			name = Frameworks;
			sourceTree = "<group>";
		};
		91662DE2F8FC08CC8BE39CCF /* Pods */ = {
			isa = PBXGroup;
			children = (
				501421AD8885D57FEEB82D8F /* Pods-MovieCollection.debug.xcconfig */,
				AC971A57A36E88485C01DE6B /* Pods-MovieCollection.release.xcconfig */,
			);
			path = Pods;
			sourceTree = "<group>";
		};
/* End PBXGroup section */

/* Begin PBXNativeTarget section */
		56678D1F28067A1200BEF015 /* MovieCollection */ = {
			isa = PBXNativeTarget;
			buildConfigurationList = 56678D4A28067A1300BEF015 /* Build configuration list for PBXNativeTarget "MovieCollection" */;
			buildPhases = (
				77592B065364BD1513C2614F /* [CP] Check Pods Manifest.lock */,
				56678D1C28067A1200BEF015 /* Sources */,
				56678D1D28067A1200BEF015 /* Frameworks */,
				56678D1E28067A1200BEF015 /* Resources */,
				F2EDF5527F7F3A6059348566 /* [CP] Embed Pods Frameworks */,
			);
			buildRules = (
			);
			dependencies = (
			);
			name = MovieCollection;
			productName = MovieCollection;
			productReference = 56678D2028067A1200BEF015 /* MovieCollection.app */;
			productType = "com.apple.product-type.application";
		};
		56678D3528067A1300BEF015 /* MovieCollectionTests */ = {
			isa = PBXNativeTarget;
			buildConfigurationList = 56678D4D28067A1300BEF015 /* Build configuration list for PBXNativeTarget "MovieCollectionTests" */;
			buildPhases = (
				56678D3228067A1300BEF015 /* Sources */,
				56678D3328067A1300BEF015 /* Frameworks */,
				56678D3428067A1300BEF015 /* Resources */,
			);
			buildRules = (
			);
			dependencies = (
				56678D3828067A1300BEF015 /* PBXTargetDependency */,
			);
			name = MovieCollectionTests;
			productName = MovieCollectionTests;
			productReference = 56678D3628067A1300BEF015 /* MovieCollectionTests.xctest */;
			productType = "com.apple.product-type.bundle.unit-test";
		};
		56678D3F28067A1300BEF015 /* MovieCollectionUITests */ = {
			isa = PBXNativeTarget;
			buildConfigurationList = 56678D5028067A1300BEF015 /* Build configuration list for PBXNativeTarget "MovieCollectionUITests" */;
			buildPhases = (
				56678D3C28067A1300BEF015 /* Sources */,
				56678D3D28067A1300BEF015 /* Frameworks */,
				56678D3E28067A1300BEF015 /* Resources */,
			);
			buildRules = (
			);
			dependencies = (
				56678D4228067A1300BEF015 /* PBXTargetDependency */,
			);
			name = MovieCollectionUITests;
			productName = MovieCollectionUITests;
			productReference = 56678D4028067A1300BEF015 /* MovieCollectionUITests.xctest */;
			productType = "com.apple.product-type.bundle.ui-testing";
		};
/* End PBXNativeTarget section */

/* Begin PBXProject section */
		56678D1828067A1200BEF015 /* Project object */ = {
			isa = PBXProject;
			attributes = {
				BuildIndependentTargetsInParallel = 1;
				LastSwiftUpdateCheck = 1310;
				LastUpgradeCheck = 1310;
				TargetAttributes = {
					56678D1F28067A1200BEF015 = {
						CreatedOnToolsVersion = 13.1;
					};
					56678D3528067A1300BEF015 = {
						CreatedOnToolsVersion = 13.1;
						TestTargetID = 56678D1F28067A1200BEF015;
					};
					56678D3F28067A1300BEF015 = {
						CreatedOnToolsVersion = 13.1;
						TestTargetID = 56678D1F28067A1200BEF015;
					};
				};
			};
			buildConfigurationList = 56678D1B28067A1200BEF015 /* Build configuration list for PBXProject "MovieCollection" */;
			compatibilityVersion = "Xcode 13.0";
			developmentRegion = en;
			hasScannedForEncodings = 0;
			knownRegions = (
				en,
				Base,
			);
			mainGroup = 56678D1728067A1200BEF015;
			productRefGroup = 56678D2128067A1200BEF015 /* Products */;
			projectDirPath = "";
			projectRoot = "";
			targets = (
				56678D1F28067A1200BEF015 /* MovieCollection */,
				56678D3528067A1300BEF015 /* MovieCollectionTests */,
				56678D3F28067A1300BEF015 /* MovieCollectionUITests */,
			);
		};
/* End PBXProject section */

/* Begin PBXResourcesBuildPhase section */
		56678D1E28067A1200BEF015 /* Resources */ = {
			isa = PBXResourcesBuildPhase;
			buildActionMask = 2147483647;
			files = (
				56678D3028067A1300BEF015 /* LaunchScreen.storyboard in Resources */,
				56678D2D28067A1300BEF015 /* Assets.xcassets in Resources */,
			);
			runOnlyForDeploymentPostprocessing = 0;
		};
		56678D3428067A1300BEF015 /* Resources */ = {
			isa = PBXResourcesBuildPhase;
			buildActionMask = 2147483647;
			files = (
			);
			runOnlyForDeploymentPostprocessing = 0;
		};
		56678D3E28067A1300BEF015 /* Resources */ = {
			isa = PBXResourcesBuildPhase;
			buildActionMask = 2147483647;
			files = (
			);
			runOnlyForDeploymentPostprocessing = 0;
		};
/* End PBXResourcesBuildPhase section */

/* Begin PBXShellScriptBuildPhase section */
		77592B065364BD1513C2614F /* [CP] Check Pods Manifest.lock */ = {
			isa = PBXShellScriptBuildPhase;
			buildActionMask = 2147483647;
			files = (
			);
			inputFileListPaths = (
			);
			inputPaths = (
				"${PODS_PODFILE_DIR_PATH}/Podfile.lock",
				"${PODS_ROOT}/Manifest.lock",
			);
			name = "[CP] Check Pods Manifest.lock";
			outputFileListPaths = (
			);
			outputPaths = (
				"$(DERIVED_FILE_DIR)/Pods-MovieCollection-checkManifestLockResult.txt",
			);
			runOnlyForDeploymentPostprocessing = 0;
			shellPath = /bin/sh;
			shellScript = "diff \"${PODS_PODFILE_DIR_PATH}/Podfile.lock\" \"${PODS_ROOT}/Manifest.lock\" > /dev/null\nif [ $? != 0 ] ; then\n    # print error to STDERR\n    echo \"error: The sandbox is not in sync with the Podfile.lock. Run 'pod install' or update your CocoaPods installation.\" >&2\n    exit 1\nfi\n# This output is used by Xcode 'outputs' to avoid re-running this script phase.\necho \"SUCCESS\" > \"${SCRIPT_OUTPUT_FILE_0}\"\n";
			showEnvVarsInLog = 0;
		};
		F2EDF5527F7F3A6059348566 /* [CP] Embed Pods Frameworks */ = {
			isa = PBXShellScriptBuildPhase;
			buildActionMask = 2147483647;
			files = (
			);
			inputFileListPaths = (
				"${PODS_ROOT}/Target Support Files/Pods-MovieCollection/Pods-MovieCollection-frameworks-${CONFIGURATION}-input-files.xcfilelist",
			);
			name = "[CP] Embed Pods Frameworks";
			outputFileListPaths = (
				"${PODS_ROOT}/Target Support Files/Pods-MovieCollection/Pods-MovieCollection-frameworks-${CONFIGURATION}-output-files.xcfilelist",
			);
			runOnlyForDeploymentPostprocessing = 0;
			shellPath = /bin/sh;
			shellScript = "\"${PODS_ROOT}/Target Support Files/Pods-MovieCollection/Pods-MovieCollection-frameworks.sh\"\n";
			showEnvVarsInLog = 0;
		};
/* End PBXShellScriptBuildPhase section */

/* Begin PBXSourcesBuildPhase section */
		56678D1C28067A1200BEF015 /* Sources */ = {
			isa = PBXSourcesBuildPhase;
			buildActionMask = 2147483647;
			files = (
				56678D702806AD3E00BEF015 /* Observable.swift in Sources */,
				56678D6E2806A90800BEF015 /* Item.swift in Sources */,
				56678D6C2806A8CA00BEF015 /* ReceivedMovieModel.swift in Sources */,
				56678D562806839800BEF015 /* Coordinator.swift in Sources */,
				561A3DA52807C0AE0055F44C /* String.swift in Sources */,
				56678D64280696C800BEF015 /* NetworkError.swift in Sources */,
				56678D2828067A1200BEF015 /* HomeViewController.swift in Sources */,
				56678D5E280694C800BEF015 /* NetworkManager.swift in Sources */,
				56678D2428067A1200BEF015 /* AppDelegate.swift in Sources */,
				56B1C2A52809645700DE7AA9 /* RealmManager.swift in Sources */,
				5656A98B280AA80C00FDA8BB /* FavoritesViewController.swift in Sources */,
				5656A988280AA6E800FDA8BB /* StarButtonDelegate.swift in Sources */,
				56AAE07D280D86780093BA14 /* CustomActivityIndicatorView.swift in Sources */,
				56678D742806AF5900BEF015 /* MovieTableViewCellModel.swift in Sources */,
				56678D722806AE0A00BEF015 /* MovieTableViewModel.swift in Sources */,
				56678D612806957E00BEF015 /* Strings.swift in Sources */,
				561A3DA92807E6B30055F44C /* MovieDetailViewController.swift in Sources */,
				56678D672806994100BEF015 /* MovieTableViewCell.swift in Sources */,
				5656A98E280AEAE900FDA8BB /* ButtonStatus.swift in Sources */,
				56678D2628067A1200BEF015 /* SceneDelegate.swift in Sources */,
				56B1C2A72809672100DE7AA9 /* Movie.swift in Sources */,
			);
			runOnlyForDeploymentPostprocessing = 0;
		};
		56678D3228067A1300BEF015 /* Sources */ = {
			isa = PBXSourcesBuildPhase;
			buildActionMask = 2147483647;
			files = (
				56678D3B28067A1300BEF015 /* MovieCollectionTests.swift in Sources */,
			);
			runOnlyForDeploymentPostprocessing = 0;
		};
		56678D3C28067A1300BEF015 /* Sources */ = {
			isa = PBXSourcesBuildPhase;
			buildActionMask = 2147483647;
			files = (
				56678D4528067A1300BEF015 /* MovieCollectionUITests.swift in Sources */,
				56678D4728067A1300BEF015 /* MovieCollectionUITestsLaunchTests.swift in Sources */,
			);
			runOnlyForDeploymentPostprocessing = 0;
		};
/* End PBXSourcesBuildPhase section */

/* Begin PBXTargetDependency section */
		56678D3828067A1300BEF015 /* PBXTargetDependency */ = {
			isa = PBXTargetDependency;
			target = 56678D1F28067A1200BEF015 /* MovieCollection */;
			targetProxy = 56678D3728067A1300BEF015 /* PBXContainerItemProxy */;
		};
		56678D4228067A1300BEF015 /* PBXTargetDependency */ = {
			isa = PBXTargetDependency;
			target = 56678D1F28067A1200BEF015 /* MovieCollection */;
			targetProxy = 56678D4128067A1300BEF015 /* PBXContainerItemProxy */;
		};
/* End PBXTargetDependency section */

/* Begin PBXVariantGroup section */
		56678D2E28067A1300BEF015 /* LaunchScreen.storyboard */ = {
			isa = PBXVariantGroup;
			children = (
				56678D2F28067A1300BEF015 /* Base */,
			);
			name = LaunchScreen.storyboard;
			sourceTree = "<group>";
		};
/* End PBXVariantGroup section */

/* Begin XCBuildConfiguration section */
		56678D4828067A1300BEF015 /* Debug */ = {
			isa = XCBuildConfiguration;
			buildSettings = {
				ALWAYS_SEARCH_USER_PATHS = NO;
				CLANG_ANALYZER_NONNULL = YES;
				CLANG_ANALYZER_NUMBER_OBJECT_CONVERSION = YES_AGGRESSIVE;
				CLANG_CXX_LANGUAGE_STANDARD = "gnu++17";
				CLANG_CXX_LIBRARY = "libc++";
				CLANG_ENABLE_MODULES = YES;
				CLANG_ENABLE_OBJC_ARC = YES;
				CLANG_ENABLE_OBJC_WEAK = YES;
				CLANG_WARN_BLOCK_CAPTURE_AUTORELEASING = YES;
				CLANG_WARN_BOOL_CONVERSION = YES;
				CLANG_WARN_COMMA = YES;
				CLANG_WARN_CONSTANT_CONVERSION = YES;
				CLANG_WARN_DEPRECATED_OBJC_IMPLEMENTATIONS = YES;
				CLANG_WARN_DIRECT_OBJC_ISA_USAGE = YES_ERROR;
				CLANG_WARN_DOCUMENTATION_COMMENTS = YES;
				CLANG_WARN_EMPTY_BODY = YES;
				CLANG_WARN_ENUM_CONVERSION = YES;
				CLANG_WARN_INFINITE_RECURSION = YES;
				CLANG_WARN_INT_CONVERSION = YES;
				CLANG_WARN_NON_LITERAL_NULL_CONVERSION = YES;
				CLANG_WARN_OBJC_IMPLICIT_RETAIN_SELF = YES;
				CLANG_WARN_OBJC_LITERAL_CONVERSION = YES;
				CLANG_WARN_OBJC_ROOT_CLASS = YES_ERROR;
				CLANG_WARN_QUOTED_INCLUDE_IN_FRAMEWORK_HEADER = YES;
				CLANG_WARN_RANGE_LOOP_ANALYSIS = YES;
				CLANG_WARN_STRICT_PROTOTYPES = YES;
				CLANG_WARN_SUSPICIOUS_MOVE = YES;
				CLANG_WARN_UNGUARDED_AVAILABILITY = YES_AGGRESSIVE;
				CLANG_WARN_UNREACHABLE_CODE = YES;
				CLANG_WARN__DUPLICATE_METHOD_MATCH = YES;
				COPY_PHASE_STRIP = NO;
				DEBUG_INFORMATION_FORMAT = dwarf;
				ENABLE_STRICT_OBJC_MSGSEND = YES;
				ENABLE_TESTABILITY = YES;
				GCC_C_LANGUAGE_STANDARD = gnu11;
				GCC_DYNAMIC_NO_PIC = NO;
				GCC_NO_COMMON_BLOCKS = YES;
				GCC_OPTIMIZATION_LEVEL = 0;
				GCC_PREPROCESSOR_DEFINITIONS = (
					"DEBUG=1",
					"$(inherited)",
				);
				GCC_WARN_64_TO_32_BIT_CONVERSION = YES;
				GCC_WARN_ABOUT_RETURN_TYPE = YES_ERROR;
				GCC_WARN_UNDECLARED_SELECTOR = YES;
				GCC_WARN_UNINITIALIZED_AUTOS = YES_AGGRESSIVE;
				GCC_WARN_UNUSED_FUNCTION = YES;
				GCC_WARN_UNUSED_VARIABLE = YES;
				IPHONEOS_DEPLOYMENT_TARGET = 15.0;
				MTL_ENABLE_DEBUG_INFO = INCLUDE_SOURCE;
				MTL_FAST_MATH = YES;
				ONLY_ACTIVE_ARCH = YES;
				SDKROOT = iphoneos;
				SWIFT_ACTIVE_COMPILATION_CONDITIONS = DEBUG;
				SWIFT_OPTIMIZATION_LEVEL = "-Onone";
			};
			name = Debug;
		};
		56678D4928067A1300BEF015 /* Release */ = {
			isa = XCBuildConfiguration;
			buildSettings = {
				ALWAYS_SEARCH_USER_PATHS = NO;
				CLANG_ANALYZER_NONNULL = YES;
				CLANG_ANALYZER_NUMBER_OBJECT_CONVERSION = YES_AGGRESSIVE;
				CLANG_CXX_LANGUAGE_STANDARD = "gnu++17";
				CLANG_CXX_LIBRARY = "libc++";
				CLANG_ENABLE_MODULES = YES;
				CLANG_ENABLE_OBJC_ARC = YES;
				CLANG_ENABLE_OBJC_WEAK = YES;
				CLANG_WARN_BLOCK_CAPTURE_AUTORELEASING = YES;
				CLANG_WARN_BOOL_CONVERSION = YES;
				CLANG_WARN_COMMA = YES;
				CLANG_WARN_CONSTANT_CONVERSION = YES;
				CLANG_WARN_DEPRECATED_OBJC_IMPLEMENTATIONS = YES;
				CLANG_WARN_DIRECT_OBJC_ISA_USAGE = YES_ERROR;
				CLANG_WARN_DOCUMENTATION_COMMENTS = YES;
				CLANG_WARN_EMPTY_BODY = YES;
				CLANG_WARN_ENUM_CONVERSION = YES;
				CLANG_WARN_INFINITE_RECURSION = YES;
				CLANG_WARN_INT_CONVERSION = YES;
				CLANG_WARN_NON_LITERAL_NULL_CONVERSION = YES;
				CLANG_WARN_OBJC_IMPLICIT_RETAIN_SELF = YES;
				CLANG_WARN_OBJC_LITERAL_CONVERSION = YES;
				CLANG_WARN_OBJC_ROOT_CLASS = YES_ERROR;
				CLANG_WARN_QUOTED_INCLUDE_IN_FRAMEWORK_HEADER = YES;
				CLANG_WARN_RANGE_LOOP_ANALYSIS = YES;
				CLANG_WARN_STRICT_PROTOTYPES = YES;
				CLANG_WARN_SUSPICIOUS_MOVE = YES;
				CLANG_WARN_UNGUARDED_AVAILABILITY = YES_AGGRESSIVE;
				CLANG_WARN_UNREACHABLE_CODE = YES;
				CLANG_WARN__DUPLICATE_METHOD_MATCH = YES;
				COPY_PHASE_STRIP = NO;
				DEBUG_INFORMATION_FORMAT = "dwarf-with-dsym";
				ENABLE_NS_ASSERTIONS = NO;
				ENABLE_STRICT_OBJC_MSGSEND = YES;
				GCC_C_LANGUAGE_STANDARD = gnu11;
				GCC_NO_COMMON_BLOCKS = YES;
				GCC_WARN_64_TO_32_BIT_CONVERSION = YES;
				GCC_WARN_ABOUT_RETURN_TYPE = YES_ERROR;
				GCC_WARN_UNDECLARED_SELECTOR = YES;
				GCC_WARN_UNINITIALIZED_AUTOS = YES_AGGRESSIVE;
				GCC_WARN_UNUSED_FUNCTION = YES;
				GCC_WARN_UNUSED_VARIABLE = YES;
				IPHONEOS_DEPLOYMENT_TARGET = 15.0;
				MTL_ENABLE_DEBUG_INFO = NO;
				MTL_FAST_MATH = YES;
				SDKROOT = iphoneos;
				SWIFT_COMPILATION_MODE = wholemodule;
				SWIFT_OPTIMIZATION_LEVEL = "-O";
				VALIDATE_PRODUCT = YES;
			};
			name = Release;
		};
		56678D4B28067A1300BEF015 /* Debug */ = {
			isa = XCBuildConfiguration;
			baseConfigurationReference = 501421AD8885D57FEEB82D8F /* Pods-MovieCollection.debug.xcconfig */;
			buildSettings = {
				ASSETCATALOG_COMPILER_APPICON_NAME = AppIcon;
				ASSETCATALOG_COMPILER_GLOBAL_ACCENT_COLOR_NAME = AccentColor;
				CODE_SIGN_STYLE = Automatic;
				CURRENT_PROJECT_VERSION = 1;
				DEVELOPMENT_TEAM = 3KZP62644C;
				GENERATE_INFOPLIST_FILE = YES;
				INFOPLIST_FILE = MovieCollection/SupportingFiles/Info.plist;
				INFOPLIST_KEY_UIApplicationSupportsIndirectInputEvents = YES;
				INFOPLIST_KEY_UILaunchStoryboardName = LaunchScreen;
				INFOPLIST_KEY_UISupportedInterfaceOrientations_iPad = "UIInterfaceOrientationPortrait UIInterfaceOrientationPortraitUpsideDown UIInterfaceOrientationLandscapeLeft UIInterfaceOrientationLandscapeRight";
				INFOPLIST_KEY_UISupportedInterfaceOrientations_iPhone = "UIInterfaceOrientationPortrait UIInterfaceOrientationLandscapeLeft UIInterfaceOrientationLandscapeRight";
				LD_RUNPATH_SEARCH_PATHS = (
					"$(inherited)",
					"@executable_path/Frameworks",
				);
				MARKETING_VERSION = 1.0;
				PRODUCT_BUNDLE_IDENTIFIER = seungmin.MovieCollection;
				PRODUCT_NAME = "$(TARGET_NAME)";
				SWIFT_EMIT_LOC_STRINGS = YES;
				SWIFT_VERSION = 5.0;
				TARGETED_DEVICE_FAMILY = "1,2";
			};
			name = Debug;
		};
		56678D4C28067A1300BEF015 /* Release */ = {
			isa = XCBuildConfiguration;
			baseConfigurationReference = AC971A57A36E88485C01DE6B /* Pods-MovieCollection.release.xcconfig */;
			buildSettings = {
				ASSETCATALOG_COMPILER_APPICON_NAME = AppIcon;
				ASSETCATALOG_COMPILER_GLOBAL_ACCENT_COLOR_NAME = AccentColor;
				CODE_SIGN_STYLE = Automatic;
				CURRENT_PROJECT_VERSION = 1;
				DEVELOPMENT_TEAM = 3KZP62644C;
				GENERATE_INFOPLIST_FILE = YES;
				INFOPLIST_FILE = MovieCollection/SupportingFiles/Info.plist;
				INFOPLIST_KEY_UIApplicationSupportsIndirectInputEvents = YES;
				INFOPLIST_KEY_UILaunchStoryboardName = LaunchScreen;
				INFOPLIST_KEY_UISupportedInterfaceOrientations_iPad = "UIInterfaceOrientationPortrait UIInterfaceOrientationPortraitUpsideDown UIInterfaceOrientationLandscapeLeft UIInterfaceOrientationLandscapeRight";
				INFOPLIST_KEY_UISupportedInterfaceOrientations_iPhone = "UIInterfaceOrientationPortrait UIInterfaceOrientationLandscapeLeft UIInterfaceOrientationLandscapeRight";
				LD_RUNPATH_SEARCH_PATHS = (
					"$(inherited)",
					"@executable_path/Frameworks",
				);
				MARKETING_VERSION = 1.0;
				PRODUCT_BUNDLE_IDENTIFIER = seungmin.MovieCollection;
				PRODUCT_NAME = "$(TARGET_NAME)";
				SWIFT_EMIT_LOC_STRINGS = YES;
				SWIFT_VERSION = 5.0;
				TARGETED_DEVICE_FAMILY = "1,2";
			};
			name = Release;
		};
		56678D4E28067A1300BEF015 /* Debug */ = {
			isa = XCBuildConfiguration;
			buildSettings = {
				ALWAYS_EMBED_SWIFT_STANDARD_LIBRARIES = YES;
				BUNDLE_LOADER = "$(TEST_HOST)";
				CODE_SIGN_STYLE = Automatic;
				CURRENT_PROJECT_VERSION = 1;
				GENERATE_INFOPLIST_FILE = YES;
				IPHONEOS_DEPLOYMENT_TARGET = 15.0;
				LD_RUNPATH_SEARCH_PATHS = (
					"$(inherited)",
					"@executable_path/Frameworks",
					"@loader_path/Frameworks",
				);
				MARKETING_VERSION = 1.0;
				PRODUCT_BUNDLE_IDENTIFIER = seungmin.MovieCollectionTests;
				PRODUCT_NAME = "$(TARGET_NAME)";
				SWIFT_EMIT_LOC_STRINGS = NO;
				SWIFT_VERSION = 5.0;
				TARGETED_DEVICE_FAMILY = "1,2";
				TEST_HOST = "$(BUILT_PRODUCTS_DIR)/MovieCollection.app/MovieCollection";
			};
			name = Debug;
		};
		56678D4F28067A1300BEF015 /* Release */ = {
			isa = XCBuildConfiguration;
			buildSettings = {
				ALWAYS_EMBED_SWIFT_STANDARD_LIBRARIES = YES;
				BUNDLE_LOADER = "$(TEST_HOST)";
				CODE_SIGN_STYLE = Automatic;
				CURRENT_PROJECT_VERSION = 1;
				GENERATE_INFOPLIST_FILE = YES;
				IPHONEOS_DEPLOYMENT_TARGET = 15.0;
				LD_RUNPATH_SEARCH_PATHS = (
					"$(inherited)",
					"@executable_path/Frameworks",
					"@loader_path/Frameworks",
				);
				MARKETING_VERSION = 1.0;
				PRODUCT_BUNDLE_IDENTIFIER = seungmin.MovieCollectionTests;
				PRODUCT_NAME = "$(TARGET_NAME)";
				SWIFT_EMIT_LOC_STRINGS = NO;
				SWIFT_VERSION = 5.0;
				TARGETED_DEVICE_FAMILY = "1,2";
				TEST_HOST = "$(BUILT_PRODUCTS_DIR)/MovieCollection.app/MovieCollection";
			};
			name = Release;
		};
		56678D5128067A1300BEF015 /* Debug */ = {
			isa = XCBuildConfiguration;
			buildSettings = {
				ALWAYS_EMBED_SWIFT_STANDARD_LIBRARIES = YES;
				CODE_SIGN_STYLE = Automatic;
				CURRENT_PROJECT_VERSION = 1;
				GENERATE_INFOPLIST_FILE = YES;
				LD_RUNPATH_SEARCH_PATHS = (
					"$(inherited)",
					"@executable_path/Frameworks",
					"@loader_path/Frameworks",
				);
				MARKETING_VERSION = 1.0;
				PRODUCT_BUNDLE_IDENTIFIER = seungmin.MovieCollectionUITests;
				PRODUCT_NAME = "$(TARGET_NAME)";
				SWIFT_EMIT_LOC_STRINGS = NO;
				SWIFT_VERSION = 5.0;
				TARGETED_DEVICE_FAMILY = "1,2";
				TEST_TARGET_NAME = MovieCollection;
			};
			name = Debug;
		};
		56678D5228067A1300BEF015 /* Release */ = {
			isa = XCBuildConfiguration;
			buildSettings = {
				ALWAYS_EMBED_SWIFT_STANDARD_LIBRARIES = YES;
				CODE_SIGN_STYLE = Automatic;
				CURRENT_PROJECT_VERSION = 1;
				GENERATE_INFOPLIST_FILE = YES;
				LD_RUNPATH_SEARCH_PATHS = (
					"$(inherited)",
					"@executable_path/Frameworks",
					"@loader_path/Frameworks",
				);
				MARKETING_VERSION = 1.0;
				PRODUCT_BUNDLE_IDENTIFIER = seungmin.MovieCollectionUITests;
				PRODUCT_NAME = "$(TARGET_NAME)";
				SWIFT_EMIT_LOC_STRINGS = NO;
				SWIFT_VERSION = 5.0;
				TARGETED_DEVICE_FAMILY = "1,2";
				TEST_TARGET_NAME = MovieCollection;
			};
			name = Release;
		};
/* End XCBuildConfiguration section */

/* Begin XCConfigurationList section */
		56678D1B28067A1200BEF015 /* Build configuration list for PBXProject "MovieCollection" */ = {
			isa = XCConfigurationList;
			buildConfigurations = (
				56678D4828067A1300BEF015 /* Debug */,
				56678D4928067A1300BEF015 /* Release */,
			);
			defaultConfigurationIsVisible = 0;
			defaultConfigurationName = Release;
		};
		56678D4A28067A1300BEF015 /* Build configuration list for PBXNativeTarget "MovieCollection" */ = {
			isa = XCConfigurationList;
			buildConfigurations = (
				56678D4B28067A1300BEF015 /* Debug */,
				56678D4C28067A1300BEF015 /* Release */,
			);
			defaultConfigurationIsVisible = 0;
			defaultConfigurationName = Release;
		};
		56678D4D28067A1300BEF015 /* Build configuration list for PBXNativeTarget "MovieCollectionTests" */ = {
			isa = XCConfigurationList;
			buildConfigurations = (
				56678D4E28067A1300BEF015 /* Debug */,
				56678D4F28067A1300BEF015 /* Release */,
			);
			defaultConfigurationIsVisible = 0;
			defaultConfigurationName = Release;
		};
		56678D5028067A1300BEF015 /* Build configuration list for PBXNativeTarget "MovieCollectionUITests" */ = {
			isa = XCConfigurationList;
			buildConfigurations = (
				56678D5128067A1300BEF015 /* Debug */,
				56678D5228067A1300BEF015 /* Release */,
			);
			defaultConfigurationIsVisible = 0;
			defaultConfigurationName = Release;
		};
/* End XCConfigurationList section */
	};
	rootObject = 56678D1828067A1200BEF015 /* Project object */;
}
